{
    "_meta": {
        "hash": {
            "sha256": "713c7618f79fa86f8c3246bb316aa16d4496d10119523df91e36a32a4d8ed028"
        },
        "pipfile-spec": 6,
        "requires": {
            "python_full_version": "3.8.13",
            "python_version": "3.8"
        },
        "sources": [
            {
                "name": "pypi",
                "url": "https://pypi.org/simple",
                "verify_ssl": true
            }
        ]
    },
    "default": {},
    "develop": {}
}
